Microsoft Visual Studio Solution File, Format Version 12.00
# Visual Studio Version 17
VisualStudioVersion = 17.5.2.0
MinimumVisualStudioVersion = 10.0.40219.1
Project("{2150E333-8FDC-42A3-9474-1A3956D46DE8}") = "src", "src", "{827E0CD3-B72D-47B6-A68D-7590B98EB39B}"
EndProject
Project("{FAE04EC0-301F-11D3-BF4B-00C04F79EFBC}") = "FluentCMS.Data.Abstractions", "src\FluentCMS.Data.Abstractions\FluentCMS.Data.Abstractions.csproj", "{17740AD2-82C2-E9DC-B1B4-C5ABC5263F5D}"
EndProject
Global
	GlobalSection(SolutionConfigurationPlatforms) = preSolution
		Debug|Any CPU = Debug|Any CPU
		Release|Any CPU = Release|Any CPU
	EndGlobalSection
	GlobalSection(ProjectConfigurationPlatforms) = postSolution
		{17740AD2-82C2-E9DC-B1B4-C5ABC5263F5D}.Debug|Any CPU.ActiveCfg = Debug|Any CPU
		{17740AD2-82C2-E9DC-B1B4-C5ABC5263F5D}.Debug|Any CPU.Build.0 = Debug|Any CPU
		{17740AD2-82C2-E9DC-B1B4-C5ABC5263F5D}.Release|Any CPU.ActiveCfg = Release|Any CPU
		{17740AD2-82C2-E9DC-B1B4-C5ABC5263F5D}.Release|Any CPU.Build.0 = Release|Any CPU
	EndGlobalSection
	GlobalSection(SolutionProperties) = preSolution
		HideSolutionNode = FALSE
	EndGlobalSection
	GlobalSection(NestedProjects) = preSolution
		{17740AD2-82C2-E9DC-B1B4-C5ABC5263F5D} = {827E0CD3-B72D-47B6-A68D-7590B98EB39B}
	EndGlobalSection
	GlobalSection(ExtensibilityGlobals) = postSolution
		SolutionGuid = {64521FA7-B38E-4118-BAA5-607A447483B9}
	EndGlobalSection
EndGlobal
